// !$*UTF8*$!
{
	archiveVersion = 1;
	classes = {
	};
	objectVersion = 50;
	objects = {

/* Begin PBXBuildFile section */
		7B789A96235C793B00AE7E45 /* AppDelegate.swift in Sources */ = {isa = PBXBuildFile; fileRef = 7B789A95235C793B00AE7E45 /* AppDelegate.swift */; };
		7B789A98235C793B00AE7E45 /* ViewController.swift in Sources */ = {isa = PBXBuildFile; fileRef = 7B789A97235C793B00AE7E45 /* ViewController.swift */; };
		7B789A9B235C793B00AE7E45 /* Main.storyboard in Resources */ = {isa = PBXBuildFile; fileRef = 7B789A99235C793B00AE7E45 /* Main.storyboard */; };
		7B789A9D235C793C00AE7E45 /* Assets.xcassets in Resources */ = {isa = PBXBuildFile; fileRef = 7B789A9C235C793C00AE7E45 /* Assets.xcassets */; };
		7B789AA0235C793C00AE7E45 /* LaunchScreen.storyboard in Resources */ = {isa = PBXBuildFile; fileRef = 7B789A9E235C793C00AE7E45 /* LaunchScreen.storyboard */; };
		7B789AAB235C793C00AE7E45 /* SampleProjectTests.swift in Sources */ = {isa = PBXBuildFile; fileRef = 7B789AAA235C793C00AE7E45 /* SampleProjectTests.swift */; };
		7B789AB6235C793C00AE7E45 /* SampleProjectUITests.swift in Sources */ = {isa = PBXBuildFile; fileRef = 7B789AB5235C793C00AE7E45 /* SampleProjectUITests.swift */; };
/* End PBXBuildFile section */

/* Begin PBXContainerItemProxy section */
		7B789AA7235C793C00AE7E45 /* PBXContainerItemProxy */ = {
			isa = PBXContainerItemProxy;
			containerPortal = 7B789A8A235C793B00AE7E45 /* Project object */;
			proxyType = 1;
			remoteGlobalIDString = 7B789A91235C793B00AE7E45;
			remoteInfo = SampleProject;
		};
		7B789AB2235C793C00AE7E45 /* PBXContainerItemProxy */ = {
			isa = PBXContainerItemProxy;
			containerPortal = 7B789A8A235C793B00AE7E45 /* Project object */;
			proxyType = 1;
			remoteGlobalIDString = 7B789A91235C793B00AE7E45;
			remoteInfo = SampleProject;
		};
/* End PBXContainerItemProxy section */

/* Begin PBXFileReference section */
		7B789A92235C793B00AE7E45 /* SampleProject.app */ = {isa = PBXFileReference; explicitFileType = wrapper.application; includeInIndex = 0; path = SampleProject.app; sourceTree = BUILT_PRODUCTS_DIR; };
		7B789A95235C793B00AE7E45 /* AppDelegate.swift */ = {isa = PBXFileReference; lastKnownFileType = sourcecode.swift; path = AppDelegate.swift; sourceTree = "<group>"; };
		7B789A97235C793B00AE7E45 /* ViewController.swift */ = {isa = PBXFileReference; lastKnownFileType = sourcecode.swift; path = ViewController.swift; sourceTree = "<group>"; };
		7B789A9A235C793B00AE7E45 /* Base */ = {isa = PBXFileReference; lastKnownFileType = file.storyboard; name = Base; path = Base.lproj/Main.storyboard; sourceTree = "<group>"; };
		7B789A9C235C793C00AE7E45 /* Assets.xcassets */ = {isa = PBXFileReference; lastKnownFileType = folder.assetcatalog; path = Assets.xcassets; sourceTree = "<group>"; };
		7B789A9F235C793C00AE7E45 /* Base */ = {isa = PBXFileReference; lastKnownFileType = file.storyboard; name = Base; path = Base.lproj/LaunchScreen.storyboard; sourceTree = "<group>"; };
		7B789AA1235C793C00AE7E45 /* Info.plist */ = {isa = PBXFileReference; lastKnownFileType = text.plist.xml; path = Info.plist; sourceTree = "<group>"; };
		7B789AA6235C793C00AE7E45 /* SampleProjectTests.xctest */ = {isa = PBXFileReference; explicitFileType = wrapper.cfbundle; includeInIndex = 0; path = SampleProjectTests.xctest; sourceTree = BUILT_PRODUCTS_DIR; };
		7B789AAA235C793C00AE7E45 /* SampleProjectTests.swift */ = {isa = PBXFileReference; lastKnownFileType = sourcecode.swift; path = SampleProjectTests.swift; sourceTree = "<group>"; };
		7B789AAC235C793C00AE7E45 /* Info.plist */ = {isa = PBXFileReference; lastKnownFileType = text.plist.xml; path = Info.plist; sourceTree = "<group>"; };
		7B789AB1235C793C00AE7E45 /* SampleProjectUITests.xctest */ = {isa = PBXFileReference; explicitFileType = wrapper.cfbundle; includeInIndex = 0; path = SampleProjectUITests.xctest; sourceTree = BUILT_PRODUCTS_DIR; };
		7B789AB5235C793C00AE7E45 /* SampleProjectUITests.swift */ = {isa = PBXFileReference; lastKnownFileType = sourcecode.swift; path = SampleProjectUITests.swift; sourceTree = "<group>"; };
		7B789AB7235C793C00AE7E45 /* Info.plist */ = {isa = PBXFileReference; lastKnownFileType = text.plist.xml; path = Info.plist; sourceTree = "<group>"; };
/* End PBXFileReference section */

/* Begin PBXFrameworksBuildPhase section */
		7B789A8F235C793B00AE7E45 /* Frameworks */ = {
			isa = PBXFrameworksBuildPhase;
			buildActionMask = 2147483647;
			files = (
			);
			runOnlyForDeploymentPostprocessing = 0;
		};
		7B789AA3235C793C00AE7E45 /* Frameworks */ = {
			isa = PBXFrameworksBuildPhase;
			buildActionMask = 2147483647;
			files = (
			);
			runOnlyForDeploymentPostprocessing = 0;
		};
		7B789AAE235C793C00AE7E45 /* Frameworks */ = {
			isa = PBXFrameworksBuildPhase;
			buildActionMask = 2147483647;
			files = (
			);
			runOnlyForDeploymentPostprocessing = 0;
		};
/* End PBXFrameworksBuildPhase section */

/* Begin PBXGroup section */
		7B789A89235C793B00AE7E45 = {
			isa = PBXGroup;
			children = (
				7B789A94235C793B00AE7E45 /* SampleProject */,
				7B789AA9235C793C00AE7E45 /* SampleProjectTests */,
				7B789AB4235C793C00AE7E45 /* SampleProjectUITests */,
				7B789A93235C793B00AE7E45 /* Products */,
			);
			sourceTree = "<group>";
		};
		7B789A93235C793B00AE7E45 /* Products */ = {
			isa = PBXGroup;
			children = (
				7B789A92235C793B00AE7E45 /* SampleProject.app */,
				7B789AA6235C793C00AE7E45 /* SampleProjectTests.xctest */,
				7B789AB1235C793C00AE7E45 /* SampleProjectUITests.xctest */,
			);
			name = Products;
			sourceTree = "<group>";
		};
		7B789A94235C793B00AE7E45 /* SampleProject */ = {
			isa = PBXGroup;
			children = (
				7B789A95235C793B00AE7E45 /* AppDelegate.swift */,
				7B789A97235C793B00AE7E45 /* ViewController.swift */,
				7B789A99235C793B00AE7E45 /* Main.storyboard */,
				7B789A9C235C793C00AE7E45 /* Assets.xcassets */,
				7B789A9E235C793C00AE7E45 /* LaunchScreen.storyboard */,
				7B789AA1235C793C00AE7E45 /* Info.plist */,
			);
			path = SampleProject;
			sourceTree = "<group>";
		};
		7B789AA9235C793C00AE7E45 /* SampleProjectTests */ = {
			isa = PBXGroup;
			children = (
				7B789AAA235C793C00AE7E45 /* SampleProjectTests.swift */,
				7B789AAC235C793C00AE7E45 /* Info.plist */,
			);
			path = SampleProjectTests;
			sourceTree = "<group>";
		};
		7B789AB4235C793C00AE7E45 /* SampleProjectUITests */ = {
			isa = PBXGroup;
			children = (
				7B789AB5235C793C00AE7E45 /* SampleProjectUITests.swift */,
				7B789AB7235C793C00AE7E45 /* Info.plist */,
			);
			path = SampleProjectUITests;
			sourceTree = "<group>";
		};
/* End PBXGroup section */

/* Begin PBXNativeTarget section */
		7B789A91235C793B00AE7E45 /* SampleProject */ = {
			isa = PBXNativeTarget;
			buildConfigurationList = 7B789ABA235C793C00AE7E45 /* Build configuration list for PBXNativeTarget "SampleProject" */;
			buildPhases = (
				7B789A8E235C793B00AE7E45 /* Sources */,
				7B789A8F235C793B00AE7E45 /* Frameworks */,
				7B789A90235C793B00AE7E45 /* Resources */,
			);
			buildRules = (
			);
			dependencies = (
			);
			name = SampleProject;
			productName = SampleProject;
			productReference = 7B789A92235C793B00AE7E45 /* SampleProject.app */;
			productType = "com.apple.product-type.application";
		};
		7B789AA5235C793C00AE7E45 /* SampleProjectTests */ = {
			isa = PBXNativeTarget;
			buildConfigurationList = 7B789ABD235C793C00AE7E45 /* Build configuration list for PBXNativeTarget "SampleProjectTests" */;
			buildPhases = (
				7B789AA2235C793C00AE7E45 /* Sources */,
				7B789AA3235C793C00AE7E45 /* Frameworks */,
				7B789AA4235C793C00AE7E45 /* Resources */,
			);
			buildRules = (
			);
			dependencies = (
				7B789AA8235C793C00AE7E45 /* PBXTargetDependency */,
			);
			name = SampleProjectTests;
			productName = SampleProjectTests;
			productReference = 7B789AA6235C793C00AE7E45 /* SampleProjectTests.xctest */;
			productType = "com.apple.product-type.bundle.unit-test";
		};
		7B789AB0235C793C00AE7E45 /* SampleProjectUITests */ = {
			isa = PBXNativeTarget;
			buildConfigurationList = 7B789AC0235C793C00AE7E45 /* Build configuration list for PBXNativeTarget "SampleProjectUITests" */;
			buildPhases = (
				7B789AAD235C793C00AE7E45 /* Sources */,
				7B789AAE235C793C00AE7E45 /* Frameworks */,
				7B789AAF235C793C00AE7E45 /* Resources */,
			);
			buildRules = (
			);
			dependencies = (
				7B789AB3235C793C00AE7E45 /* PBXTargetDependency */,
			);
			name = SampleProjectUITests;
			productName = SampleProjectUITests;
			productReference = 7B789AB1235C793C00AE7E45 /* SampleProjectUITests.xctest */;
			productType = "com.apple.product-type.bundle.ui-testing";
		};
/* End PBXNativeTarget section */

/* Begin PBXProject section */
		7B789A8A235C793B00AE7E45 /* Project object */ = {
			isa = PBXProject;
			attributes = {
				LastSwiftUpdateCheck = 1020;
				LastUpgradeCheck = 1020;
				ORGANIZATIONNAME = venco4;
				TargetAttributes = {
					7B789A91235C793B00AE7E45 = {
						CreatedOnToolsVersion = 10.2.1;
					};
					7B789AA5235C793C00AE7E45 = {
						CreatedOnToolsVersion = 10.2.1;
						TestTargetID = 7B789A91235C793B00AE7E45;
					};
					7B789AB0235C793C00AE7E45 = {
						CreatedOnToolsVersion = 10.2.1;
						TestTargetID = 7B789A91235C793B00AE7E45;
					};
				};
			};
			buildConfigurationList = 7B789A8D235C793B00AE7E45 /* Build configuration list for PBXProject "SampleProject" */;
			compatibilityVersion = "Xcode 9.3";
			developmentRegion = en;
			hasScannedForEncodings = 0;
			knownRegions = (
				en,
				Base,
			);
			mainGroup = 7B789A89235C793B00AE7E45;
			productRefGroup = 7B789A93235C793B00AE7E45 /* Products */;
			projectDirPath = "";
			projectRoot = "";
			targets = (
				7B789A91235C793B00AE7E45 /* SampleProject */,
				7B789AA5235C793C00AE7E45 /* SampleProjectTests */,
				7B789AB0235C793C00AE7E45 /* SampleProjectUITests */,
			);
		};
/* End PBXProject section */

/* Begin PBXResourcesBuildPhase section */
		7B789A90235C793B00AE7E45 /* Resources */ = {
			isa = PBXResourcesBuildPhase;
			buildActionMask = 2147483647;
			files = (
				7B789AA0235C793C00AE7E45 /* LaunchScreen.storyboard in Resources */,
				7B789A9D235C793C00AE7E45 /* Assets.xcassets in Resources */,
				7B789A9B235C793B00AE7E45 /* Main.storyboard in Resources */,
			);
			runOnlyForDeploymentPostprocessing = 0;
		};
		7B789AA4235C793C00AE7E45 /* Resources */ = {
			isa = PBXResourcesBuildPhase;
			buildActionMask = 2147483647;
			files = (
			);
			runOnlyForDeploymentPostprocessing = 0;
		};
		7B789AAF235C793C00AE7E45 /* Resources */ = {
			isa = PBXResourcesBuildPhase;
			buildActionMask = 2147483647;
			files = (
			);
			runOnlyForDeploymentPostprocessing = 0;
		};
/* End PBXResourcesBuildPhase section */

/* Begin PBXSourcesBuildPhase section */
		7B789A8E235C793B00AE7E45 /* Sources */ = {
			isa = PBXSourcesBuildPhase;
			buildActionMask = 2147483647;
			files = (
				7B789A98235C793B00AE7E45 /* ViewController.swift in Sources */,
				7B789A96235C793B00AE7E45 /* AppDelegate.swift in Sources */,
			);
			runOnlyForDeploymentPostprocessing = 0;
		};
		7B789AA2235C793C00AE7E45 /* Sources */ = {
			isa = PBXSourcesBuildPhase;
			buildActionMask = 2147483647;
			files = (
				7B789AAB235C793C00AE7E45 /* SampleProjectTests.swift in Sources */,
			);
			runOnlyForDeploymentPostprocessing = 0;
		};
		7B789AAD235C793C00AE7E45 /* Sources */ = {
			isa = PBXSourcesBuildPhase;
			buildActionMask = 2147483647;
			files = (
				7B789AB6235C793C00AE7E45 /* SampleProjectUITests.swift in Sources */,
			);
			runOnlyForDeploymentPostprocessing = 0;
		};
/* End PBXSourcesBuildPhase section */

/* Begin PBXTargetDependency section */
		7B789AA8235C793C00AE7E45 /* PBXTargetDependency */ = {
			isa = PBXTargetDependency;
			target = 7B789A91235C793B00AE7E45 /* SampleProject */;
			targetProxy = 7B789AA7235C793C00AE7E45 /* PBXContainerItemProxy */;
		};
		7B789AB3235C793C00AE7E45 /* PBXTargetDependency */ = {
			isa = PBXTargetDependency;
			target = 7B789A91235C793B00AE7E45 /* SampleProject */;
			targetProxy = 7B789AB2235C793C00AE7E45 /* PBXContainerItemProxy */;
		};
/* End PBXTargetDependency section */

/* Begin PBXVariantGroup section */
		7B789A99235C793B00AE7E45 /* Main.storyboard */ = {
			isa = PBXVariantGroup;
			children = (
				7B789A9A235C793B00AE7E45 /* Base */,
			);
			name = Main.storyboard;
			sourceTree = "<group>";
		};
		7B789A9E235C793C00AE7E45 /* LaunchScreen.storyboard */ = {
			isa = PBXVariantGroup;
			children = (
				7B789A9F235C793C00AE7E45 /* Base */,
			);
			name = LaunchScreen.storyboard;
			sourceTree = "<group>";
		};
/* End PBXVariantGroup section */

/* Begin XCBuildConfiguration section */
		7B789AB8235C793C00AE7E45 /* Debug */ = {
			isa = XCBuildConfiguration;
			buildSettings = {
				ALWAYS_SEARCH_USER_PATHS = NO;
				CLANG_ANALYZER_NONNULL = YES;
				CLANG_ANALYZER_NUMBER_OBJECT_CONVERSION = YES_AGGRESSIVE;
				CLANG_CXX_LANGUAGE_STANDARD = "gnu++14";
				CLANG_CXX_LIBRARY = "libc++";
				CLANG_ENABLE_MODULES = YES;
				CLANG_ENABLE_OBJC_ARC = YES;
				CLANG_ENABLE_OBJC_WEAK = YES;
				CLANG_WARN_BLOCK_CAPTURE_AUTORELEASING = YES;
				CLANG_WARN_BOOL_CONVERSION = YES;
				CLANG_WARN_COMMA = YES;
				CLANG_WARN_CONSTANT_CONVERSION = YES;
				CLANG_WARN_DEPRECATED_OBJC_IMPLEMENTATIONS = YES;
				CLANG_WARN_DIRECT_OBJC_ISA_USAGE = YES_ERROR;
				CLANG_WARN_DOCUMENTATION_COMMENTS = YES;
				CLANG_WARN_EMPTY_BODY = YES;
				CLANG_WARN_ENUM_CONVERSION = YES;
				CLANG_WARN_INFINITE_RECURSION = YES;
				CLANG_WARN_INT_CONVERSION = YES;
				CLANG_WARN_NON_LITERAL_NULL_CONVERSION = YES;
				CLANG_WARN_OBJC_IMPLICIT_RETAIN_SELF = YES;
				CLANG_WARN_OBJC_LITERAL_CONVERSION = YES;
				CLANG_WARN_OBJC_ROOT_CLASS = YES_ERROR;
				CLANG_WARN_RANGE_LOOP_ANALYSIS = YES;
				CLANG_WARN_STRICT_PROTOTYPES = YES;
				CLANG_WARN_SUSPICIOUS_MOVE = YES;
				CLANG_WARN_UNGUARDED_AVAILABILITY = YES_AGGRESSIVE;
				CLANG_WARN_UNREACHABLE_CODE = YES;
				CLANG_WARN__DUPLICATE_METHOD_MATCH = YES;
				CODE_SIGN_IDENTITY = "iPhone Developer";
				COPY_PHASE_STRIP = NO;
				DEBUG_INFORMATION_FORMAT = dwarf;
				ENABLE_STRICT_OBJC_MSGSEND = YES;
				ENABLE_TESTABILITY = YES;
				GCC_C_LANGUAGE_STANDARD = gnu11;
				GCC_DYNAMIC_NO_PIC = NO;
				GCC_NO_COMMON_BLOCKS = YES;
				GCC_OPTIMIZATION_LEVEL = 0;
				GCC_PREPROCESSOR_DEFINITIONS = (
					"DEBUG=1",
					"$(inherited)",
				);
				GCC_WARN_64_TO_32_BIT_CONVERSION = YES;
				GCC_WARN_ABOUT_RETURN_TYPE = YES_ERROR;
				GCC_WARN_UNDECLARED_SELECTOR = YES;
				GCC_WARN_UNINITIALIZED_AUTOS = YES_AGGRESSIVE;
				GCC_WARN_UNUSED_FUNCTION = YES;
				GCC_WARN_UNUSED_VARIABLE = YES;
				IPHONEOS_DEPLOYMENT_TARGET = 12.2;
				MTL_ENABLE_DEBUG_INFO = INCLUDE_SOURCE;
				MTL_FAST_MATH = YES;
				ONLY_ACTIVE_ARCH = YES;
				SDKROOT = iphoneos;
				SWIFT_ACTIVE_COMPILATION_CONDITIONS = DEBUG;
				SWIFT_OPTIMIZATION_LEVEL = "-Onone";
			};
			name = Debug;
		};
		7B789AB9235C793C00AE7E45 /* Release */ = {
			isa = XCBuildConfiguration;
			buildSettings = {
				ALWAYS_SEARCH_USER_PATHS = NO;
				CLANG_ANALYZER_NONNULL = YES;
				CLANG_ANALYZER_NUMBER_OBJECT_CONVERSION = YES_AGGRESSIVE;
				CLANG_CXX_LANGUAGE_STANDARD = "gnu++14";
				CLANG_CXX_LIBRARY = "libc++";
				CLANG_ENABLE_MODULES = YES;
				CLANG_ENABLE_OBJC_ARC = YES;
				CLANG_ENABLE_OBJC_WEAK = YES;
				CLANG_WARN_BLOCK_CAPTURE_AUTORELEASING = YES;
				CLANG_WARN_BOOL_CONVERSION = YES;
				CLANG_WARN_COMMA = YES;
				CLANG_WARN_CONSTANT_CONVERSION = YES;
				CLANG_WARN_DEPRECATED_OBJC_IMPLEMENTATIONS = YES;
				CLANG_WARN_DIRECT_OBJC_ISA_USAGE = YES_ERROR;
				CLANG_WARN_DOCUMENTATION_COMMENTS = YES;
				CLANG_WARN_EMPTY_BODY = YES;
				CLANG_WARN_ENUM_CONVERSION = YES;
				CLANG_WARN_INFINITE_RECURSION = YES;
				CLANG_WARN_INT_CONVERSION = YES;
				CLANG_WARN_NON_LITERAL_NULL_CONVERSION = YES;
				CLANG_WARN_OBJC_IMPLICIT_RETAIN_SELF = YES;
				CLANG_WARN_OBJC_LITERAL_CONVERSION = YES;
				CLANG_WARN_OBJC_ROOT_CLASS = YES_ERROR;
				CLANG_WARN_RANGE_LOOP_ANALYSIS = YES;
				CLANG_WARN_STRICT_PROTOTYPES = YES;
				CLANG_WARN_SUSPICIOUS_MOVE = YES;
				CLANG_WARN_UNGUARDED_AVAILABILITY = YES_AGGRESSIVE;
				CLANG_WARN_UNREACHABLE_CODE = YES;
				CLANG_WARN__DUPLICATE_METHOD_MATCH = YES;
				CODE_SIGN_IDENTITY = "iPhone Developer";
				COPY_PHASE_STRIP = NO;
				DEBUG_INFORMATION_FORMAT = "dwarf-with-dsym";
				ENABLE_NS_ASSERTIONS = NO;
				ENABLE_STRICT_OBJC_MSGSEND = YES;
				GCC_C_LANGUAGE_STANDARD = gnu11;
				GCC_NO_COMMON_BLOCKS = YES;
				GCC_WARN_64_TO_32_BIT_CONVERSION = YES;
				GCC_WARN_ABOUT_RETURN_TYPE = YES_ERROR;
				GCC_WARN_UNDECLARED_SELECTOR = YES;
				GCC_WARN_UNINITIALIZED_AUTOS = YES_AGGRESSIVE;
				GCC_WARN_UNUSED_FUNCTION = YES;
				GCC_WARN_UNUSED_VARIABLE = YES;
				IPHONEOS_DEPLOYMENT_TARGET = 12.2;
				MTL_ENABLE_DEBUG_INFO = NO;
				MTL_FAST_MATH = YES;
				SDKROOT = iphoneos;
				SWIFT_COMPILATION_MODE = wholemodule;
				SWIFT_OPTIMIZATION_LEVEL = "-O";
				VALIDATE_PRODUCT = YES;
			};
			name = Release;
		};
		7B789ABB235C793C00AE7E45 /* Debug */ = {
			isa = XCBuildConfiguration;
			buildSettings = {
				ASSETCATALOG_COMPILER_APPICON_NAME = AppIcon;
				CODE_SIGN_STYLE = Automatic;
				INFOPLIST_FILE = SampleProject/Info.plist;
				LD_RUNPATH_SEARCH_PATHS = (
					"$(inherited)",
					"@executable_path/Frameworks",
				);
				PRODUCT_BUNDLE_IDENTIFIER = uob.SampleProject;
				PRODUCT_NAME = "$(TARGET_NAME)";
				SWIFT_VERSION = 5.0;
				TARGETED_DEVICE_FAMILY = "1,2";
			};
			name = Debug;
		};
		7B789ABC235C793C00AE7E45 /* Release */ = {
			isa = XCBuildConfiguration;
			buildSettings = {
				ASSETCATALOG_COMPILER_APPICON_NAME = AppIcon;
				CODE_SIGN_STYLE = Automatic;
				INFOPLIST_FILE = SampleProject/Info.plist;
				LD_RUNPATH_SEARCH_PATHS = (
					"$(inherited)",
					"@executable_path/Frameworks",
				);
				PRODUCT_BUNDLE_IDENTIFIER = uob.SampleProject;
				PRODUCT_NAME = "$(TARGET_NAME)";
				SWIFT_VERSION = 5.0;
				TARGETED_DEVICE_FAMILY = "1,2";
			};
			name = Release;
		};
		7B789ABE235C793C00AE7E45 /* Debug */ = {
			isa = XCBuildConfiguration;
			buildSettings = {
				ALWAYS_EMBED_SWIFT_STANDARD_LIBRARIES = YES;
				BUNDLE_LOADER = "$(TEST_HOST)";
				CODE_SIGN_STYLE = Automatic;
				INFOPLIST_FILE = SampleProjectTests/Info.plist;
				LD_RUNPATH_SEARCH_PATHS = (
					"$(inherited)",
					"@executable_path/Frameworks",
					"@loader_path/Frameworks",
				);
				PRODUCT_BUNDLE_IDENTIFIER = uob.SampleProjectTests;
				PRODUCT_NAME = "$(TARGET_NAME)";
				SWIFT_VERSION = 5.0;
				TARGETED_DEVICE_FAMILY = "1,2";
				TEST_HOST = "$(BUILT_PRODUCTS_DIR)/SampleProject.app/SampleProject";
			};
			name = Debug;
		};
		7B789ABF235C793C00AE7E45 /* Release */ = {
			isa = XCBuildConfiguration;
			buildSettings = {
				ALWAYS_EMBED_SWIFT_STANDARD_LIBRARIES = YES;
				BUNDLE_LOADER = "$(TEST_HOST)";
				CODE_SIGN_STYLE = Automatic;
				INFOPLIST_FILE = SampleProjectTests/Info.plist;
				LD_RUNPATH_SEARCH_PATHS = (
					"$(inherited)",
					"@executable_path/Frameworks",
					"@loader_path/Frameworks",
				);
				PRODUCT_BUNDLE_IDENTIFIER = uob.SampleProjectTests;
				PRODUCT_NAME = "$(TARGET_NAME)";
				SWIFT_VERSION = 5.0;
				TARGETED_DEVICE_FAMILY = "1,2";
				TEST_HOST = "$(BUILT_PRODUCTS_DIR)/SampleProject.app/SampleProject";
			};
			name = Release;
		};
		7B789AC1235C793C00AE7E45 /* Debug */ = {
			isa = XCBuildConfiguration;
			buildSettings = {
				ALWAYS_EMBED_SWIFT_STANDARD_LIBRARIES = YES;
				CODE_SIGN_STYLE = Automatic;
				INFOPLIST_FILE = SampleProjectUITests/Info.plist;
				LD_RUNPATH_SEARCH_PATHS = (
					"$(inherited)",
					"@executable_path/Frameworks",
					"@loader_path/Frameworks",
				);
				PRODUCT_BUNDLE_IDENTIFIER = uob.SampleProjectUITests;
				PRODUCT_NAME = "$(TARGET_NAME)";
				SWIFT_VERSION = 5.0;
				TARGETED_DEVICE_FAMILY = "1,2";
				TEST_TARGET_NAME = SampleProject;
			};
			name = Debug;
		};
		7B789AC2235C793C00AE7E45 /* Release */ = {
			isa = XCBuildConfiguration;
			buildSettings = {
				ALWAYS_EMBED_SWIFT_STANDARD_LIBRARIES = YES;
				CODE_SIGN_STYLE = Automatic;
				INFOPLIST_FILE = SampleProjectUITests/Info.plist;
				LD_RUNPATH_SEARCH_PATHS = (
					"$(inherited)",
					"@executable_path/Frameworks",
					"@loader_path/Frameworks",
				);
				PRODUCT_BUNDLE_IDENTIFIER = uob.SampleProjectUITests;
				PRODUCT_NAME = "$(TARGET_NAME)";
				SWIFT_VERSION = 5.0;
				TARGETED_DEVICE_FAMILY = "1,2";
				TEST_TARGET_NAME = SampleProject;
			};
			name = Release;
		};
/* End XCBuildConfiguration section */

/* Begin XCConfigurationList section */
		7B789A8D235C793B00AE7E45 /* Build configuration list for PBXProject "SampleProject" */ = {
			isa = XCConfigurationList;
			buildConfigurations = (
				7B789AB8235C793C00AE7E45 /* Debug */,
				7B789AB9235C793C00AE7E45 /* Release */,
			);
			defaultConfigurationIsVisible = 0;
			defaultConfigurationName = Release;
		};
		7B789ABA235C793C00AE7E45 /* Build configuration list for PBXNativeTarget "SampleProject" */ = {
			isa = XCConfigurationList;
			buildConfigurations = (
				7B789ABB235C793C00AE7E45 /* Debug */,
				7B789ABC235C793C00AE7E45 /* Release */,
			);
			defaultConfigurationIsVisible = 0;
			defaultConfigurationName = Release;
		};
		7B789ABD235C793C00AE7E45 /* Build configuration list for PBXNativeTarget "SampleProjectTests" */ = {
			isa = XCConfigurationList;
			buildConfigurations = (
				7B789ABE235C793C00AE7E45 /* Debug */,
				7B789ABF235C793C00AE7E45 /* Release */,
			);
			defaultConfigurationIsVisible = 0;
			defaultConfigurationName = Release;
		};
		7B789AC0235C793C00AE7E45 /* Build configuration list for PBXNativeTarget "SampleProjectUITests" */ = {
			isa = XCConfigurationList;
			buildConfigurations = (
				7B789AC1235C793C00AE7E45 /* Debug */,
				7B789AC2235C793C00AE7E45 /* Release */,
			);
			defaultConfigurationIsVisible = 0;
			defaultConfigurationName = Release;
		};
/* End XCConfigurationList section */
	};
	rootObject = 7B789A8A235C793B00AE7E45 /* Project object */;
}
